
Microsoft Visual Studio Solution File, Format Version 12.00
# Visual Studio Version 17
VisualStudioVersion = 17.2.32505.173
MinimumVisualStudioVersion = 10.0.40219.1
Project("{FAE04EC0-301F-11D3-BF4B-00C04F79EFBC}") = "MXHAPI", "MXHAPI\MXHAPI.csproj", "{0EC48731-5774-44E8-A8A6-F5DCD702D66E}"
EndProject
Global
	GlobalSection(SolutionConfigurationPlatforms) = preSolution
		Debug|Any CPU = Debug|Any CPU
		Release|Any CPU = Release|Any CPU
	EndGlobalSection
	GlobalSection(ProjectConfigurationPlatforms) = postSolution
		{0EC48731-5774-44E8-A8A6-F5DCD702D66E}.Debug|Any CPU.ActiveCfg = Debug|Any CPU
		{0EC48731-5774-44E8-A8A6-F5DCD702D66E}.Debug|Any CPU.Build.0 = Debug|Any CPU
		{0EC48731-5774-44E8-A8A6-F5DCD702D66E}.Release|Any CPU.ActiveCfg = Release|Any CPU
		{0EC48731-5774-44E8-A8A6-F5DCD702D66E}.Release|Any CPU.Build.0 = Release|Any CPU
	EndGlobalSection
	GlobalSection(SolutionProperties) = preSolution
		HideSolutionNode = FALSE
	EndGlobalSection
	GlobalSection(ExtensibilityGlobals) = postSolution
		SolutionGuid = {14499121-044D-4F9B-A4DA-741B3051A7DD}
	EndGlobalSection
EndGlobal
